{
  "lockfile_version": "1",
  "packages": {
    "github:NixOS/nixpkgs/nixpkgs-unstable": {
      "last_modified": "2026-03-14T16:50:54Z",
      "resolved": "github:NixOS/nixpkgs/e80236013dc8b77aa49ca90e7a12d86f5d8d64c9?lastModified=1773507054"
    },
    "nodejs@20.20.0": {
      "last_modified": "2026-02-23T15:40:43Z",
      "plugin_version": "0.0.4",
      "resolved": "github:NixOS/nixpkgs/80d901ec0377e19ac3f7bb8c035201e2e098cc97#nodejs_20",
      "source": "devbox-search",
      "version": "20.20.0",
      "systems": {
        "aarch64-darwin": {
          "outputs": [
            {
              "name": "out",
              "path": "/nix/store/p67sinyz9hpn55z1vwkxlfl8ijl06ry1-nodejs-20.20.0",
              "default": true
            }
          ],
          "store_path": "/nix/store/p67sinyz9hpn55z1vwkxlfl8ijl06ry1-nodejs-20.20.0"
        },
        "aarch64-linux": {
          "outputs": [
            {
              "name": "out",
              "path": "/nix/store/sl165k6kchm8vdz0mk8i3gv7kdppcldx-nodejs-20.20.0",
              "default": true
            }
          ],
          "store_path": "/nix/store/sl165k6kchm8vdz0mk8i3gv7kdppcldx-nodejs-20.20.0"
        },
        "x86_64-darwin": {
          "outputs": [
            {
              "name": "out",
              "path": "/nix/store/hi0i1f9hrjh3xrb7zmxxxry7yaan94qj-nodejs-20.20.0",
              "default": true
            }
          ],
          "store_path": "/nix/store/hi0i1f9hrjh3xrb7zmxxxry7yaan94qj-nodejs-20.20.0"
        },
        "x86_64-linux": {
          "outputs": [
            {
              "name": "out",
              "path": "/nix/store/9fs868i30kqm70753nz8y55n24cvavzh-nodejs-20.20.0",
              "default": true
            }
          ],
          "store_path": "/nix/store/9fs868i30kqm70753nz8y55n24cvavzh-nodejs-20.20.0"
        }
      }
    }
  }
}
