{
  "name": "@kaizen/draft-search-box",
  "version": "1.1.30",
  "lockfileVersion": 1,
  "requires": true,
  "dependencies": {
    "@babel/runtime": {
      "version": "7.13.10",
      "resolved": "https://registry.npmjs.org/@babel/runtime/-/runtime-7.13.10.tgz",
      "integrity": "sha512-4QPkjJq6Ns3V/RgpEahRk+AGfL0eO6RHHtTWoNNr5mO49G6B5+X6d6THgWEAvTrznU5xYpbAlVKRYcsCgh/Akw==",
      "requires": {
        "regenerator-runtime": "^0.13.4"
      }
    },
    "@kaizen/component-library": {
      "version": "9.5.2",
      "resolved": "https://registry.npmjs.org/@kaizen/component-library/-/component-library-9.5.2.tgz",
      "integrity": "sha512-KViqr8SNYDtQ87XN2u/K5BNRg29Tkanfnz+Bm2sGbPgiFf1IRqZUq0xHP/cTWS+X9H6BqQ/V97oYPRGDF41c/A==",
      "requires": {
        "@kaizen/deprecated-component-library-helpers": "^2.1.1",
        "@kaizen/hosted-assets": "^1.1.0",
        "@kaizen/react-deprecate-warning": "^1.1.3",
        "@types/classnames": "^2.2.6",
        "@types/lodash": "^4.14.132",
        "@types/uuid": "^3.3.2",
        "classnames": "^2.2.6",
        "lodash": "^4.17.11",
        "motion-ui": "github:cultureamp/motion-ui",
        "react-focus-lock": "^1.19.1",
        "react-media": "^1.9.2",
        "uuid": "^3.3.2"
      }
    },
    "@kaizen/deprecated-component-library-helpers": {
      "version": "2.1.1",
      "resolved": "https://registry.npmjs.org/@kaizen/deprecated-component-library-helpers/-/deprecated-component-library-helpers-2.1.1.tgz",
      "integrity": "sha512-VhJ2u4U6Sh1RIlgjStnEpVMec/KHoNk3vIJv/trazJSrc6L8jEDXGosJ1Br3TdWZ0hr6HKvKwYQZQyGrDSctKw=="
    },
    "@kaizen/draft-form": {
      "version": "3.2.18",
      "resolved": "https://registry.npmjs.org/@kaizen/draft-form/-/draft-form-3.2.18.tgz",
      "integrity": "sha512-UZSsrhB7MJ57jbh73PWZSo6vSgTy5K95ymoFJy9PBlLpIo2xlV6+aCOUAMFBCnM3td5lEyoPRE+35L+PPd/3tQ==",
      "requires": {
        "@kaizen/component-library": "^9.5.2",
        "@kaizen/deprecated-component-library-helpers": "^2.1.1",
        "@types/classnames": "^2.2.10",
        "classnames": "^2.2.6"
      }
    },
    "@kaizen/hosted-assets": {
      "version": "1.1.0",
      "resolved": "https://registry.npmjs.org/@kaizen/hosted-assets/-/hosted-assets-1.1.0.tgz",
      "integrity": "sha512-PNB1HERfmJhV9oGdhWeCvplKLcbuCgMFKhaA3QDtcAZw7o4f9cMTJxBwTnuW5fneipUcjm0Qt9ngCrvNXY2lkA=="
    },
    "@kaizen/react-deprecate-warning": {
      "version": "1.1.3",
      "resolved": "https://registry.npmjs.org/@kaizen/react-deprecate-warning/-/react-deprecate-warning-1.1.3.tgz",
      "integrity": "sha512-PqWjuWz128ZUbh1SwXxdrqiKr6sVvThgxG27wBdmx9H9rQe2S8A2ddnkmmrPgDGmE43l2PteeQfMpWGr6fmwYg=="
    },
    "@types/classnames": {
      "version": "2.2.11",
      "resolved": "https://registry.npmjs.org/@types/classnames/-/classnames-2.2.11.tgz",
      "integrity": "sha512-2koNhpWm3DgWRp5tpkiJ8JGc1xTn2q0l+jUNUE7oMKXUf5NpI9AIdC4kbjGNFBdHtcxBD18LAksoudAVhFKCjw=="
    },
    "@types/lodash": {
      "version": "4.14.168",
      "resolved": "https://registry.npmjs.org/@types/lodash/-/lodash-4.14.168.tgz",
      "integrity": "sha512-oVfRvqHV/V6D1yifJbVRU3TMp8OT6o6BG+U9MkwuJ3U8/CsDHvalRpsxBqivn71ztOFZBTfJMvETbqHiaNSj7Q=="
    },
    "@types/uuid": {
      "version": "3.4.9",
      "resolved": "https://registry.npmjs.org/@types/uuid/-/uuid-3.4.9.tgz",
      "integrity": "sha512-XDwyIlt/47l2kWLTzw/mtrpLdB+GPSskR2n/PIcPn+VYhVO77rGhRncIR5GPU0KRzXuqkDO+J5qqrG0Y8P6jzQ=="
    },
    "classnames": {
      "version": "2.3.0",
      "resolved": "https://registry.npmjs.org/classnames/-/classnames-2.3.0.tgz",
      "integrity": "sha512-UUf/S3eeczXBjHPpSnrZ1ZyxH3KmLW8nVYFUWIZA/dixYMIQr7l94yYKxaAkmPk7HO9dlT6gFqAPZC02tTdfQw=="
    },
    "focus-lock": {
      "version": "0.6.8",
      "resolved": "https://registry.npmjs.org/focus-lock/-/focus-lock-0.6.8.tgz",
      "integrity": "sha512-vkHTluRCoq9FcsrldC0ulQHiyBYgVJB2CX53I8r0nTC6KnEij7Of0jpBspjt3/CuNb6fyoj3aOh9J2HgQUM0og=="
    },
    "invariant": {
      "version": "2.2.4",
      "resolved": "https://registry.npmjs.org/invariant/-/invariant-2.2.4.tgz",
      "integrity": "sha512-phJfQVBuaJM5raOpJjSfkiD6BpbCE4Ns//LaXl6wGYtUBY83nWS6Rf9tXm2e8VaK60JEjYldbPif/A2B1C2gNA==",
      "requires": {
        "loose-envify": "^1.0.0"
      }
    },
    "js-tokens": {
      "version": "4.0.0",
      "resolved": "https://registry.npmjs.org/js-tokens/-/js-tokens-4.0.0.tgz",
      "integrity": "sha512-RdJUflcE3cUzKiMqQgsCu06FPu9UdIJO0beYbPhHN4k6apgJtifcoCtT9bcxOpYBtpD2kCM6Sbzg4CausW/PKQ=="
    },
    "json2mq": {
      "version": "0.2.0",
      "resolved": "https://registry.npmjs.org/json2mq/-/json2mq-0.2.0.tgz",
      "integrity": "sha1-tje9O6nqvhIsg+lyBIOusQ0skEo=",
      "requires": {
        "string-convert": "^0.2.0"
      }
    },
    "lodash": {
      "version": "4.17.21",
      "resolved": "https://registry.npmjs.org/lodash/-/lodash-4.17.21.tgz",
      "integrity": "sha512-v2kDEe57lecTulaDIuNTPy3Ry4gLGJ6Z1O3vE1krgXZNrsQ+LFTGHVxVjcXPs17LhbZVGedAJv8XZ1tvj5FvSg=="
    },
    "loose-envify": {
      "version": "1.4.0",
      "resolved": "https://registry.npmjs.org/loose-envify/-/loose-envify-1.4.0.tgz",
      "integrity": "sha512-lyuxPGr/Wfhrlem2CL/UcnUc1zcqKAImBDzukY7Y5F/yQiNdko6+fRLevlw1HgMySw7f611UIY408EtxRSoK3Q==",
      "requires": {
        "js-tokens": "^3.0.0 || ^4.0.0"
      }
    },
    "motion-ui": {
      "version": "github:cultureamp/motion-ui#8be21797f0b63740fc38493b8ea2b947d248b222",
      "from": "github:cultureamp/motion-ui"
    },
    "object-assign": {
      "version": "4.1.1",
      "resolved": "https://registry.npmjs.org/object-assign/-/object-assign-4.1.1.tgz",
      "integrity": "sha1-IQmtx5ZYh8/AXLvUQsrIv7s2CGM="
    },
    "prop-types": {
      "version": "15.7.2",
      "resolved": "https://registry.npmjs.org/prop-types/-/prop-types-15.7.2.tgz",
      "integrity": "sha512-8QQikdH7//R2vurIJSutZ1smHYTcLpRWEOlHnzcWHmBYrOGUysKwSsrC89BCiFj3CbrfJ/nXFdJepOVrY1GCHQ==",
      "requires": {
        "loose-envify": "^1.4.0",
        "object-assign": "^4.1.1",
        "react-is": "^16.8.1"
      }
    },
    "react-clientside-effect": {
      "version": "1.2.5",
      "resolved": "https://registry.npmjs.org/react-clientside-effect/-/react-clientside-effect-1.2.5.tgz",
      "integrity": "sha512-2bL8qFW1TGBHozGGbVeyvnggRpMjibeZM2536AKNENLECutp2yfs44IL8Hmpn8qjFQ2K7A9PnYf3vc7aQq/cPA==",
      "requires": {
        "@babel/runtime": "^7.12.13"
      }
    },
    "react-focus-lock": {
      "version": "1.19.1",
      "resolved": "https://registry.npmjs.org/react-focus-lock/-/react-focus-lock-1.19.1.tgz",
      "integrity": "sha512-TPpfiack1/nF4uttySfpxPk4rGZTLXlaZl7ncZg/ELAk24Iq2B1UUaUioID8H8dneUXqznT83JTNDHDj+kwryw==",
      "requires": {
        "@babel/runtime": "^7.0.0",
        "focus-lock": "^0.6.3",
        "prop-types": "^15.6.2",
        "react-clientside-effect": "^1.2.0"
      }
    },
    "react-is": {
      "version": "16.13.1",
      "resolved": "https://registry.npmjs.org/react-is/-/react-is-16.13.1.tgz",
      "integrity": "sha512-24e6ynE2H+OKt4kqsOvNd8kBpV65zoxbA4BVsEOB3ARVWQki/DHzaUoC5KuON/BiccDaCCTZBuOcfZs70kR8bQ=="
    },
    "react-media": {
      "version": "1.10.0",
      "resolved": "https://registry.npmjs.org/react-media/-/react-media-1.10.0.tgz",
      "integrity": "sha512-FjgYmFoaPTImST06jqotuu0Mk8LOXiGYS/fIyiXuLnf20l3DPniBwtrxi604/HxxjqvmHS3oz5rAwnqdvosV4A==",
      "requires": {
        "@babel/runtime": "^7.2.0",
        "invariant": "^2.2.2",
        "json2mq": "^0.2.0",
        "prop-types": "^15.5.10"
      }
    },
    "regenerator-runtime": {
      "version": "0.13.7",
      "resolved": "https://registry.npmjs.org/regenerator-runtime/-/regenerator-runtime-0.13.7.tgz",
      "integrity": "sha512-a54FxoJDIr27pgf7IgeQGxmqUNYrcV338lf/6gH456HZ/PhX+5BcwHXG9ajESmwe6WRO0tAzRUrRmNONWgkrew=="
    },
    "string-convert": {
      "version": "0.2.1",
      "resolved": "https://registry.npmjs.org/string-convert/-/string-convert-0.2.1.tgz",
      "integrity": "sha1-aYLMMEn7tM2F+LJFaLnZvznu/5c="
    },
    "uuid": {
      "version": "3.4.0",
      "resolved": "https://registry.npmjs.org/uuid/-/uuid-3.4.0.tgz",
      "integrity": "sha512-HjSDRw6gZE5JMggctHBcjVak08+KEVhSIiDzFnT9S9aegmp85S/bReBVTb4QTFaRNptJ9kuYaNhnbNEOkbKb/A=="
    }
  }
}
